{
  "requires": true,
  "lockfileVersion": 1,
  "dependencies": {
    "@doctormckay/stats-reporter": {
      "version": "1.0.3",
      "resolved": "https://registry.npmjs.org/@doctormckay/stats-reporter/-/stats-reporter-1.0.3.tgz",
      "integrity": "sha512-OtT0/t6QcfH1Db7KJBM/1zXX9L5IhdiS2fYdiQq1oe+K5X/YVsWkHPS0vA90JQjnwVDK71eov9KZsQbblatLMA=="
    },
    "steam-totp": {
      "version": "2.0.1",
      "resolved": "https://registry.npmjs.org/steam-totp/-/steam-totp-2.0.1.tgz",
      "integrity": "sha512-akFCFNkkXgQEOy99JxF94S1zYutNmoNKFdJM1tSStVo+gHRrIUg8QR267umeEnNG7/UM/9l4qKadxx7z1N+oHw==",
      "requires": {
        "@doctormckay/stats-reporter": "1.0.3"
      }
    }
  }
}
